
Microsoft Visual Studio Solution File, Format Version 12.00
# Visual Studio 14
VisualStudioVersion = 14.0.24720.0
MinimumVisualStudioVersion = 10.0.40219.1
Project("{FAE04EC0-301F-11D3-BF4B-00C04F79EFBC}") = "TestHelpers", "TestHelpers\TestHelpers.csproj", "{4745D172-389B-46E8-8EBD-698C8DC76265}"
EndProject
Project("{FAE04EC0-301F-11D3-BF4B-00C04F79EFBC}") = "TestHelpers.Tests", "TestHelpers.Tests\TestHelpers.Tests.csproj", "{EBEE5758-E849-4BE8-B9D6-C7ECB78AD63C}"
EndProject
Global
	GlobalSection(SolutionConfigurationPlatforms) = preSolution
		Debug|Any CPU = Debug|Any CPU
		Release|Any CPU = Release|Any CPU
	EndGlobalSection
	GlobalSection(ProjectConfigurationPlatforms) = postSolution
		{4745D172-389B-46E8-8EBD-698C8DC76265}.Debug|Any CPU.ActiveCfg = Debug|Any CPU
		{4745D172-389B-46E8-8EBD-698C8DC76265}.Debug|Any CPU.Build.0 = Debug|Any CPU
		{4745D172-389B-46E8-8EBD-698C8DC76265}.Release|Any CPU.ActiveCfg = Release|Any CPU
		{4745D172-389B-46E8-8EBD-698C8DC76265}.Release|Any CPU.Build.0 = Release|Any CPU
		{EBEE5758-E849-4BE8-B9D6-C7ECB78AD63C}.Debug|Any CPU.ActiveCfg = Debug|Any CPU
		{EBEE5758-E849-4BE8-B9D6-C7ECB78AD63C}.Debug|Any CPU.Build.0 = Debug|Any CPU
		{EBEE5758-E849-4BE8-B9D6-C7ECB78AD63C}.Release|Any CPU.ActiveCfg = Release|Any CPU
		{EBEE5758-E849-4BE8-B9D6-C7ECB78AD63C}.Release|Any CPU.Build.0 = Release|Any CPU
	EndGlobalSection
	GlobalSection(SolutionProperties) = preSolution
		HideSolutionNode = FALSE
	EndGlobalSection
EndGlobal
